<?xml version="1.0" encoding="utf-8"?>
<Project ToolsVersion="4.0" xmlns="http://schemas.microsoft.com/developer/msbuild/2003">
  <ItemGroup>
    <Filter Include="base">
      <UniqueIdentifier>{4FC737F1-C7A5-4376-A066-2A32D752A2FF}</UniqueIdentifier>
      <Extensions>cpp;c;cc;cxx;def;odl;idl;hpj;bat;asm;asmx</Extensions>
    </Filter>
    <Filter Include="socket">
      <UniqueIdentifier>{22e72985-f30d-4b01-9442-d24c4df1585f}</UniqueIdentifier>
    </Filter>
    <Filter Include="functions">
      <UniqueIdentifier>{35055aab-9d0f-4f97-bc96-82168990927c}</UniqueIdentifier>
    </Filter>
  </ItemGroup>
  <ItemGroup>
    <ClInclude Include="..\..\..\source\Atom.h">
      <Filter>base</Filter>
    </ClInclude>
    <ClInclude Include="..\..\..\source\common.h">
      <Filter>base</Filter>
    </ClInclude>
    <ClInclude Include="..\..\..\source\Condition.h">
      <Filter>base</Filter>
    </ClInclude>
    <ClInclude Include="..\..\..\source\config.h">
      <Filter>base</Filter>
    </ClInclude>
    <ClInclude Include="..\..\..\source\ConfigFile.h">
      <Filter>base</Filter>
    </ClInclude>
    <ClInclude Include="..\..\..\source\DTQueue.h">
      <Filter>base</Filter>
    </ClInclude>
    <ClInclude Include="..\..\..\source\GlobalController.h">
      <Filter>base</Filter>
    </ClInclude>
    <ClInclude Include="..\..\..\source\Ref.h">
      <Filter>base</Filter>
    </ClInclude>
    <ClInclude Include="..\..\..\source\Server.h">
      <Filter>base</Filter>
    </ClInclude>
    <ClInclude Include="..\..\..\source\ServerManager.h">
      <Filter>base</Filter>
    </ClInclude>
    <ClInclude Include="..\..\..\source\Session.h">
      <Filter>base</Filter>
    </ClInclude>
    <ClInclude Include="..\..\..\source\SingleInstance.h">
      <Filter>base</Filter>
    </ClInclude>
    <ClInclude Include="..\..\..\source\Task.h">
      <Filter>base</Filter>
    </ClInclude>
    <ClInclude Include="..\..\..\source\Thread.h">
      <Filter>base</Filter>
    </ClInclude>
    <ClInclude Include="..\..\..\source\TimerWorker.h">
      <Filter>base</Filter>
    </ClInclude>
    <ClInclude Include="..\..\..\source\WorkerPool.h">
      <Filter>base</Filter>
    </ClInclude>
    <ClInclude Include="..\..\..\source\socket_addr.h">
      <Filter>socket</Filter>
    </ClInclude>
    <ClInclude Include="..\..\..\source\socket_handle.h">
      <Filter>socket</Filter>
    </ClInclude>
    <ClInclude Include="..\..\..\source\socket_option.h">
      <Filter>socket</Filter>
    </ClInclude>
    <ClInclude Include="..\..\..\source\time_value.h">
      <Filter>socket</Filter>
    </ClInclude>
    <ClInclude Include="..\..\..\source\iocp.h">
      <Filter>socket</Filter>
    </ClInclude>
    <ClInclude Include="..\..\..\source\IODriver.h">
      <Filter>socket</Filter>
    </ClInclude>
    <ClInclude Include="..\..\..\source\socket.h">
      <Filter>socket</Filter>
    </ClInclude>
    <ClInclude Include="..\..\..\source\SocketDriver.h">
      <Filter>socket</Filter>
    </ClInclude>
    <ClInclude Include="..\..\..\source\package.h">
      <Filter>socket</Filter>
    </ClInclude>
    <ClInclude Include="..\..\..\source\epoll.h">
      <Filter>socket</Filter>
    </ClInclude>
    <ClInclude Include="..\..\..\source\MasterServer.h">
      <Filter>functions</Filter>
    </ClInclude>
    <ClInclude Include="..\..\..\source\LogServer.h">
      <Filter>functions</Filter>
    </ClInclude>
    <ClInclude Include="..\..\..\source\CWatchDog.h">
      <Filter>functions</Filter>
    </ClInclude>
    <ClInclude Include="..\..\..\source\CoroutineScheduler.h">
      <Filter>functions</Filter>
    </ClInclude>
    <ClInclude Include="..\..\..\source\RWLock.h">
      <Filter>base</Filter>
    </ClInclude>
    <ClInclude Include="..\..\..\source\Cluster.h">
      <Filter>functions</Filter>
    </ClInclude>
  </ItemGroup>
  <ItemGroup>
    <ClCompile Include="..\..\..\source\TimerWorker.cpp">
      <Filter>base</Filter>
    </ClCompile>
    <ClCompile Include="..\..\..\source\WorkerPool.cpp">
      <Filter>base</Filter>
    </ClCompile>
    <ClCompile Include="..\..\..\source\Thread.cpp">
      <Filter>base</Filter>
    </ClCompile>
    <ClCompile Include="..\..\..\source\Condition.cpp">
      <Filter>base</Filter>
    </ClCompile>
    <ClCompile Include="..\..\..\source\ServerManager.cpp">
      <Filter>base</Filter>
    </ClCompile>
    <ClCompile Include="..\..\..\source\Server.cpp">
      <Filter>base</Filter>
    </ClCompile>
    <ClCompile Include="..\..\..\source\GlobalController.cpp">
      <Filter>base</Filter>
    </ClCompile>
    <ClCompile Include="..\..\..\source\Task.cpp">
      <Filter>base</Filter>
    </ClCompile>
    <ClCompile Include="..\..\..\source\Session.cpp">
      <Filter>base</Filter>
    </ClCompile>
    <ClCompile Include="..\..\..\source\ConfigFile.cpp">
      <Filter>base</Filter>
    </ClCompile>
    <ClCompile Include="..\..\..\source\Ref.cpp">
      <Filter>base</Filter>
    </ClCompile>
    <ClCompile Include="..\..\..\source\socket_addr.cpp">
      <Filter>socket</Filter>
    </ClCompile>
    <ClCompile Include="..\..\..\source\socket_handle.cpp">
      <Filter>socket</Filter>
    </ClCompile>
    <ClCompile Include="..\..\..\source\socket_option.cpp">
      <Filter>socket</Filter>
    </ClCompile>
    <ClCompile Include="..\..\..\source\time_value.cpp">
      <Filter>socket</Filter>
    </ClCompile>
    <ClCompile Include="..\..\..\source\iocp.cpp">
      <Filter>socket</Filter>
    </ClCompile>
    <ClCompile Include="..\..\..\source\socket.cpp">
      <Filter>socket</Filter>
    </ClCompile>
    <ClCompile Include="..\..\..\source\SocketDriver.cpp">
      <Filter>socket</Filter>
    </ClCompile>
    <ClCompile Include="..\..\..\source\package.cpp">
      <Filter>socket</Filter>
    </ClCompile>
    <ClCompile Include="..\..\..\source\epoll.cpp">
      <Filter>socket</Filter>
    </ClCompile>
    <ClCompile Include="..\..\..\source\RWLock.cpp">
      <Filter>base</Filter>
    </ClCompile>
    <ClCompile Include="..\..\..\source\MasterServer.cpp">
      <Filter>functions</Filter>
    </ClCompile>
    <ClCompile Include="..\..\..\source\LogServer.cpp">
      <Filter>functions</Filter>
    </ClCompile>
    <ClCompile Include="..\..\..\source\CWatchDog.cpp">
      <Filter>functions</Filter>
    </ClCompile>
    <ClCompile Include="..\..\..\source\CoroutineScheduler.cpp">
      <Filter>functions</Filter>
    </ClCompile>
    <ClCompile Include="..\..\..\source\main.cpp" />
    <ClCompile Include="..\..\..\source\Cluster.cpp">
      <Filter>functions</Filter>
    </ClCompile>
  </ItemGroup>
</Project>